{
  "nodes": {
    "cargo-coupling": {
      "inputs": {
        "fenix": "fenix",
        "nixpkgs": "nixpkgs_2"
      },
      "locked": {
        "dir": "shells/cargo-coupling",
        "lastModified": 1786962852,
        "narHash": "sha256-u5/9+gxAQ8isGlKMSeJCgh0KjBf1gtm5Ht2moSulhw8=",
        "owner": "RolandNeuber",
        "repo": "nix-config",
        "rev": "f2ae8f4b079ad4bbee1085676ec3e35712dbc699",
        "type": "github"
      },
      "original": {
        "dir": "shells/cargo-coupling",
        "owner": "RolandNeuber",
        "repo": "nix-config",
        "type": "github"
      }
    },
    "fenix": {
      "inputs": {
        "nixpkgs": "nixpkgs",
        "rust-analyzer-src": "rust-analyzer-src"
      },
      "locked": {
        "lastModified": 1786900242,
        "narHash": "sha256-52Fj2HDnEeW13PAjZJiSuTqzDbCBKu4841O6WLJKcig=",
        "owner": "nix-community",
        "repo": "fenix",
        "rev": "27a7186cfd33b512c0bfe5e60c385cb5938323fc",
        "type": "github"
      },
      "original": {
        "owner": "nix-community",
        "repo": "fenix",
        "type": "github"
      }
    },
    "fenix_2": {
      "inputs": {
        "nixpkgs": "nixpkgs_3",
        "rust-analyzer-src": "rust-analyzer-src_2"
      },
      "locked": {
        "lastModified": 1786900242,
        "narHash": "sha256-52Fj2HDnEeW13PAjZJiSuTqzDbCBKu4841O6WLJKcig=",
        "owner": "nix-community",
        "repo": "fenix",
        "rev": "27a7186cfd33b512c0bfe5e60c385cb5938323fc",
        "type": "github"
      },
      "original": {
        "id": "fenix",
        "type": "indirect"
      }
    },
    "fenix_3": {
      "inputs": {
        "nixpkgs": "nixpkgs_5",
        "rust-analyzer-src": "rust-analyzer-src_3"
      },
      "locked": {
        "lastModified": 1786900242,
        "narHash": "sha256-52Fj2HDnEeW13PAjZJiSuTqzDbCBKu4841O6WLJKcig=",
        "owner": "nix-community",
        "repo": "fenix",
        "rev": "27a7186cfd33b512c0bfe5e60c385cb5938323fc",
        "type": "github"
      },
      "original": {
        "owner": "nix-community",
        "repo": "fenix",
        "type": "github"
      }
    },
    "nixpkgs": {
      "locked": {
        "lastModified": 1786599213,
        "narHash": "sha256-yNJd40f11EzXBjSByCB7IPpeFFAdeoSKKM67dGkfFoU=",
        "owner": "nixos",
        "repo": "nixpkgs",
        "rev": "0e251e24a4f24e036a084b6b4b2d2491af4167f4",
        "type": "github"
      },
      "original": {
        "owner": "nixos",
        "ref": "nixos-unstable",
        "repo": "nixpkgs",
        "type": "github"
      }
    },
    "nixpkgs_2": {
      "locked": {
        "lastModified": 1786862985,
        "narHash": "sha256-FBJRXmbGXiSUDvYEbfLYRkckayyZ6SK1UEqhCrIZ2Cs=",
        "owner": "NixOS",
        "repo": "nixpkgs",
        "rev": "e5bdc4a41d4c072fe1e3787eaa0320a384741d44",
        "type": "github"
      },
      "original": {
        "owner": "NixOS",
        "ref": "nixos-unstable",
        "repo": "nixpkgs",
        "type": "github"
      }
    },
    "nixpkgs_3": {
      "locked": {
        "lastModified": 1786599213,
        "narHash": "sha256-yNJd40f11EzXBjSByCB7IPpeFFAdeoSKKM67dGkfFoU=",
        "owner": "nixos",
        "repo": "nixpkgs",
        "rev": "0e251e24a4f24e036a084b6b4b2d2491af4167f4",
        "type": "github"
      },
      "original": {
        "owner": "nixos",
        "ref": "nixos-unstable",
        "repo": "nixpkgs",
        "type": "github"
      }
    },
    "nixpkgs_4": {
      "locked": {
        "lastModified": 1786862985,
        "narHash": "sha256-FBJRXmbGXiSUDvYEbfLYRkckayyZ6SK1UEqhCrIZ2Cs=",
        "owner": "NixOS",
        "repo": "nixpkgs",
        "rev": "e5bdc4a41d4c072fe1e3787eaa0320a384741d44",
        "type": "github"
      },
      "original": {
        "owner": "NixOS",
        "ref": "nixos-unstable",
        "repo": "nixpkgs",
        "type": "github"
      }
    },
    "nixpkgs_5": {
      "locked": {
        "lastModified": 1786599213,
        "narHash": "sha256-yNJd40f11EzXBjSByCB7IPpeFFAdeoSKKM67dGkfFoU=",
        "owner": "nixos",
        "repo": "nixpkgs",
        "rev": "0e251e24a4f24e036a084b6b4b2d2491af4167f4",
        "type": "github"
      },
      "original": {
        "owner": "nixos",
        "ref": "nixos-unstable",
        "repo": "nixpkgs",
        "type": "github"
      }
    },
    "nixpkgs_6": {
      "locked": {
        "lastModified": 1786862985,
        "narHash": "sha256-FBJRXmbGXiSUDvYEbfLYRkckayyZ6SK1UEqhCrIZ2Cs=",
        "owner": "NixOS",
        "repo": "nixpkgs",
        "rev": "e5bdc4a41d4c072fe1e3787eaa0320a384741d44",
        "type": "github"
      },
      "original": {
        "owner": "NixOS",
        "ref": "nixos-unstable",
        "repo": "nixpkgs",
        "type": "github"
      }
    },
    "root": {
      "inputs": {
        "cargo-coupling": "cargo-coupling",
        "fenix": "fenix_2",
        "nixpkgs": "nixpkgs_4",
        "rust-shell": "rust-shell"
      }
    },
    "rust-analyzer-src": {
      "flake": false,
      "locked": {
        "lastModified": 1786775975,
        "narHash": "sha256-IepgRMQrv3ycKp/FRDYMErByu1kD7DH2+ZOW1z3UYWo=",
        "owner": "rust-lang",
        "repo": "rust-analyzer",
        "rev": "2d6e364110e162f271f9c3198722bf2e98e53088",
        "type": "github"
      },
      "original": {
        "owner": "rust-lang",
        "ref": "nightly",
        "repo": "rust-analyzer",
        "type": "github"
      }
    },
    "rust-analyzer-src_2": {
      "flake": false,
      "locked": {
        "lastModified": 1786775975,
        "narHash": "sha256-IepgRMQrv3ycKp/FRDYMErByu1kD7DH2+ZOW1z3UYWo=",
        "owner": "rust-lang",
        "repo": "rust-analyzer",
        "rev": "2d6e364110e162f271f9c3198722bf2e98e53088",
        "type": "github"
      },
      "original": {
        "owner": "rust-lang",
        "ref": "nightly",
        "repo": "rust-analyzer",
        "type": "github"
      }
    },
    "rust-analyzer-src_3": {
      "flake": false,
      "locked": {
        "lastModified": 1786775975,
        "narHash": "sha256-IepgRMQrv3ycKp/FRDYMErByu1kD7DH2+ZOW1z3UYWo=",
        "owner": "rust-lang",
        "repo": "rust-analyzer",
        "rev": "2d6e364110e162f271f9c3198722bf2e98e53088",
        "type": "github"
      },
      "original": {
        "owner": "rust-lang",
        "ref": "nightly",
        "repo": "rust-analyzer",
        "type": "github"
      }
    },
    "rust-shell": {
      "inputs": {
        "fenix": "fenix_3",
        "nixpkgs": "nixpkgs_6"
      },
      "locked": {
        "dir": "shells/rust",
        "lastModified": 1786962852,
        "narHash": "sha256-u5/9+gxAQ8isGlKMSeJCgh0KjBf1gtm5Ht2moSulhw8=",
        "owner": "RolandNeuber",
        "repo": "nix-config",
        "rev": "f2ae8f4b079ad4bbee1085676ec3e35712dbc699",
        "type": "github"
      },
      "original": {
        "dir": "shells/rust",
        "owner": "RolandNeuber",
        "repo": "nix-config",
        "type": "github"
      }
    }
  },
  "root": "root",
  "version": 7
}
